<?xml version="1.0" encoding="utf-8"?>
<Project ToolsVersion="17.0" xmlns="http://schemas.microsoft.com/developer/msbuild/2003">
  <ItemGroup>
    <ClCompile Include="D:\COMP130018\starter2\vecmath\Matrix2f.cpp">
      <Filter>Source Files</Filter>
    </ClCompile>
    <ClCompile Include="D:\COMP130018\starter2\vecmath\Matrix3f.cpp">
      <Filter>Source Files</Filter>
    </ClCompile>
    <ClCompile Include="D:\COMP130018\starter2\vecmath\Matrix4f.cpp">
      <Filter>Source Files</Filter>
    </ClCompile>
    <ClCompile Include="D:\COMP130018\starter2\vecmath\Quat4f.cpp">
      <Filter>Source Files</Filter>
    </ClCompile>
    <ClCompile Include="D:\COMP130018\starter2\vecmath\Vector2f.cpp">
      <Filter>Source Files</Filter>
    </ClCompile>
    <ClCompile Include="D:\COMP130018\starter2\vecmath\Vector3f.cpp">
      <Filter>Source Files</Filter>
    </ClCompile>
    <ClCompile Include="D:\COMP130018\starter2\vecmath\Vector4f.cpp">
      <Filter>Source Files</Filter>
    </ClCompile>
  </ItemGroup>
  <ItemGroup>
    <ClInclude Include="D:\COMP130018\starter2\vecmath\include\Matrix2f.h">
      <Filter>Header Files</Filter>
    </ClInclude>
    <ClInclude Include="D:\COMP130018\starter2\vecmath\include\Matrix3f.h">
      <Filter>Header Files</Filter>
    </ClInclude>
    <ClInclude Include="D:\COMP130018\starter2\vecmath\include\Matrix4f.h">
      <Filter>Header Files</Filter>
    </ClInclude>
    <ClInclude Include="D:\COMP130018\starter2\vecmath\include\Quat4f.h">
      <Filter>Header Files</Filter>
    </ClInclude>
    <ClInclude Include="D:\COMP130018\starter2\vecmath\include\Vector2f.h">
      <Filter>Header Files</Filter>
    </ClInclude>
    <ClInclude Include="D:\COMP130018\starter2\vecmath\include\Vector3f.h">
      <Filter>Header Files</Filter>
    </ClInclude>
    <ClInclude Include="D:\COMP130018\starter2\vecmath\include\Vector4f.h">
      <Filter>Header Files</Filter>
    </ClInclude>
    <ClInclude Include="D:\COMP130018\starter2\vecmath\include\vecmath.h">
      <Filter>Header Files</Filter>
    </ClInclude>
  </ItemGroup>
  <ItemGroup>
    <CustomBuild Include="D:\COMP130018\starter2\vecmath\CMakeLists.txt" />
  </ItemGroup>
  <ItemGroup>
    <Filter Include="Header Files">
      <UniqueIdentifier>{6A7CD52C-80DC-3A27-B4A3-8FF3B7D227B5}</UniqueIdentifier>
    </Filter>
    <Filter Include="Source Files">
      <UniqueIdentifier>{DB1DB0F3-A187-3800-8BC5-23559911C73B}</UniqueIdentifier>
    </Filter>
  </ItemGroup>
</Project>
